
Microsoft Visual Studio Solution File, Format Version 12.00
# Visual Studio Version 16
VisualStudioVersion = 16.0.29911.84
MinimumVisualStudioVersion = 10.0.40219.1
Project("{FAE04EC0-301F-11D3-BF4B-00C04F79EFBC}") = "WpfApp5", "WpfApp5\WpfApp5.csproj", "{99877AC9-C264-4D32-90A9-9C91E661BBBA}"
EndProject
Global
	GlobalSection(SolutionConfigurationPlatforms) = preSolution
		Debug|Any CPU = Debug|Any CPU
		Release|Any CPU = Release|Any CPU
	EndGlobalSection
	GlobalSection(ProjectConfigurationPlatforms) = postSolution
		{99877AC9-C264-4D32-90A9-9C91E661BBBA}.Debug|Any CPU.ActiveCfg = Debug|Any CPU
		{99877AC9-C264-4D32-90A9-9C91E661BBBA}.Debug|Any CPU.Build.0 = Debug|Any CPU
		{99877AC9-C264-4D32-90A9-9C91E661BBBA}.Release|Any CPU.ActiveCfg = Release|Any CPU
		{99877AC9-C264-4D32-90A9-9C91E661BBBA}.Release|Any CPU.Build.0 = Release|Any CPU
	EndGlobalSection
	GlobalSection(SolutionProperties) = preSolution
		HideSolutionNode = FALSE
	EndGlobalSection
	GlobalSection(ExtensibilityGlobals) = postSolution
		SolutionGuid = {7A6CEF07-AE50-4A45-9AA1-57D8112E5A76}
	EndGlobalSection
EndGlobal
